github.com/thingsym/hugo-theme-techdoc v1.0.1 h1:YesixDLh7bRLFpcoyqflL3KUA+VFFw4l/9g/PuRHa4M=
github.com/thingsym/hugo-theme-techdoc v1.0.1/go.mod h1:LTThnoCpG8nsum5q10OLrG1LdJNI3BXzV4Qr557cmAY=
github.com/thingsym/hugo-theme-techdoc v1.1.0 h1:esTvysjySUcYKvBWAA6PFVS0opFpI90Q0a8NEs+zzeo=
github.com/thingsym/hugo-theme-techdoc v1.1.0/go.mod h1:mPVjsx03IhxAZIKDKX8LKHNHjv6uszgMpH9MU1J4u8Q=
